
Microsoft Visual Studio Solution File, Format Version 12.00
# Visual Studio 15
VisualStudioVersion = 15.0.28010.2026
MinimumVisualStudioVersion = 10.0.40219.1
Project("{FAE04EC0-301F-11D3-BF4B-00C04F79EFBC}") = "ConsecutiveSearch", "ConsecutiveSearch\ConsecutiveSearch.csproj", "{E6DC1223-0FBF-4B21-846F-7972184C6E00}"
EndProject
Project("{FAE04EC0-301F-11D3-BF4B-00C04F79EFBC}") = "BinarySearch", "BinarySearch\BinarySearch.csproj", "{540CBF91-8D5F-4C4D-B61C-F27A926E39C5}"
EndProject
Project("{FAE04EC0-301F-11D3-BF4B-00C04F79EFBC}") = "ClassLib", "ClassLib\ClassLib.csproj", "{09C8C1A7-5805-4FF4-97C8-535F1EBB11AA}"
EndProject
Global
	GlobalSection(SolutionConfigurationPlatforms) = preSolution
		Debug|Any CPU = Debug|Any CPU
		Release|Any CPU = Release|Any CPU
	EndGlobalSection
	GlobalSection(ProjectConfigurationPlatforms) = postSolution
		{E6DC1223-0FBF-4B21-846F-7972184C6E00}.Debug|Any CPU.ActiveCfg = Debug|Any CPU
		{E6DC1223-0FBF-4B21-846F-7972184C6E00}.Debug|Any CPU.Build.0 = Debug|Any CPU
		{E6DC1223-0FBF-4B21-846F-7972184C6E00}.Release|Any CPU.ActiveCfg = Release|Any CPU
		{E6DC1223-0FBF-4B21-846F-7972184C6E00}.Release|Any CPU.Build.0 = Release|Any CPU
		{540CBF91-8D5F-4C4D-B61C-F27A926E39C5}.Debug|Any CPU.ActiveCfg = Debug|Any CPU
		{540CBF91-8D5F-4C4D-B61C-F27A926E39C5}.Debug|Any CPU.Build.0 = Debug|Any CPU
		{540CBF91-8D5F-4C4D-B61C-F27A926E39C5}.Release|Any CPU.ActiveCfg = Release|Any CPU
		{540CBF91-8D5F-4C4D-B61C-F27A926E39C5}.Release|Any CPU.Build.0 = Release|Any CPU
		{09C8C1A7-5805-4FF4-97C8-535F1EBB11AA}.Debug|Any CPU.ActiveCfg = Debug|Any CPU
		{09C8C1A7-5805-4FF4-97C8-535F1EBB11AA}.Debug|Any CPU.Build.0 = Debug|Any CPU
		{09C8C1A7-5805-4FF4-97C8-535F1EBB11AA}.Release|Any CPU.ActiveCfg = Release|Any CPU
		{09C8C1A7-5805-4FF4-97C8-535F1EBB11AA}.Release|Any CPU.Build.0 = Release|Any CPU
	EndGlobalSection
	GlobalSection(SolutionProperties) = preSolution
		HideSolutionNode = FALSE
	EndGlobalSection
	GlobalSection(ExtensibilityGlobals) = postSolution
		SolutionGuid = {1A1A100F-13A3-4EA1-8D01-F5DBEDB42B5A}
	EndGlobalSection
EndGlobal
